
Microsoft Visual Studio Solution File, Format Version 12.00
# Visual Studio Version 16
VisualStudioVersion = 16.0.29806.167
MinimumVisualStudioVersion = 10.0.40219.1
Project("{888888A0-9F3D-457C-B088-3A5042F75D52}") = "HelloWorld", "HelloWorld\HelloWorld.pyproj", "{6EB7E1F9-3279-4F21-B51F-DB27A19A3D61}"
EndProject
Project("{888888A0-9F3D-457C-B088-3A5042F75D52}") = "Variables", "Variables\Variables.pyproj", "{435C701E-D222-4B3D-B2EF-E27C439815D2}"
EndProject
Project("{888888A0-9F3D-457C-B088-3A5042F75D52}") = "Types", "Types\Types.pyproj", "{957E9149-195D-453F-B1E4-DBF2A0FD3F12}"
EndProject
Project("{888888A0-9F3D-457C-B088-3A5042F75D52}") = "Operateurs", "Operateurs\Operateurs.pyproj", "{2446F24B-50AB-4AD3-A9C7-B27939DDEECD}"
EndProject
Project("{888888A0-9F3D-457C-B088-3A5042F75D52}") = "TP1", "TP1\TP1.pyproj", "{802ADCF4-DF77-4C39-8AB9-77EA6C906278}"
EndProject
Project("{2150E333-8FDC-42A3-9474-1A3956D46DE8}") = "TPs", "TPs", "{AE6D8025-08E0-4623-8308-35B08CDFA89D}"
EndProject
Project("{888888A0-9F3D-457C-B088-3A5042F75D52}") = "TP2", "TP2\TP2.pyproj", "{CE86176D-2929-4EBF-BFBE-E48B91B9A828}"
EndProject
Project("{888888A0-9F3D-457C-B088-3A5042F75D52}") = "TP3", "TP3\TP3.pyproj", "{27C2134C-5B41-45DB-AD87-C1D4FF01ACAA}"
EndProject
Project("{888888A0-9F3D-457C-B088-3A5042F75D52}") = "TP4", "TP4\TP4.pyproj", "{0535CF1B-5723-4459-A557-A982829F1E3A}"
EndProject
Global
	GlobalSection(SolutionConfigurationPlatforms) = preSolution
		Debug|Any CPU = Debug|Any CPU
		Release|Any CPU = Release|Any CPU
	EndGlobalSection
	GlobalSection(ProjectConfigurationPlatforms) = postSolution
		{6EB7E1F9-3279-4F21-B51F-DB27A19A3D61}.Debug|Any CPU.ActiveCfg = Debug|Any CPU
		{6EB7E1F9-3279-4F21-B51F-DB27A19A3D61}.Release|Any CPU.ActiveCfg = Release|Any CPU
		{435C701E-D222-4B3D-B2EF-E27C439815D2}.Debug|Any CPU.ActiveCfg = Debug|Any CPU
		{435C701E-D222-4B3D-B2EF-E27C439815D2}.Release|Any CPU.ActiveCfg = Release|Any CPU
		{957E9149-195D-453F-B1E4-DBF2A0FD3F12}.Debug|Any CPU.ActiveCfg = Debug|Any CPU
		{957E9149-195D-453F-B1E4-DBF2A0FD3F12}.Release|Any CPU.ActiveCfg = Release|Any CPU
		{2446F24B-50AB-4AD3-A9C7-B27939DDEECD}.Debug|Any CPU.ActiveCfg = Debug|Any CPU
		{2446F24B-50AB-4AD3-A9C7-B27939DDEECD}.Release|Any CPU.ActiveCfg = Release|Any CPU
		{802ADCF4-DF77-4C39-8AB9-77EA6C906278}.Debug|Any CPU.ActiveCfg = Debug|Any CPU
		{802ADCF4-DF77-4C39-8AB9-77EA6C906278}.Release|Any CPU.ActiveCfg = Release|Any CPU
		{CE86176D-2929-4EBF-BFBE-E48B91B9A828}.Debug|Any CPU.ActiveCfg = Debug|Any CPU
		{CE86176D-2929-4EBF-BFBE-E48B91B9A828}.Release|Any CPU.ActiveCfg = Release|Any CPU
		{27C2134C-5B41-45DB-AD87-C1D4FF01ACAA}.Debug|Any CPU.ActiveCfg = Debug|Any CPU
		{27C2134C-5B41-45DB-AD87-C1D4FF01ACAA}.Release|Any CPU.ActiveCfg = Release|Any CPU
		{0535CF1B-5723-4459-A557-A982829F1E3A}.Debug|Any CPU.ActiveCfg = Debug|Any CPU
		{0535CF1B-5723-4459-A557-A982829F1E3A}.Release|Any CPU.ActiveCfg = Release|Any CPU
	EndGlobalSection
	GlobalSection(SolutionProperties) = preSolution
		HideSolutionNode = FALSE
	EndGlobalSection
	GlobalSection(NestedProjects) = preSolution
		{802ADCF4-DF77-4C39-8AB9-77EA6C906278} = {AE6D8025-08E0-4623-8308-35B08CDFA89D}
		{CE86176D-2929-4EBF-BFBE-E48B91B9A828} = {AE6D8025-08E0-4623-8308-35B08CDFA89D}
		{27C2134C-5B41-45DB-AD87-C1D4FF01ACAA} = {AE6D8025-08E0-4623-8308-35B08CDFA89D}
		{0535CF1B-5723-4459-A557-A982829F1E3A} = {AE6D8025-08E0-4623-8308-35B08CDFA89D}
	EndGlobalSection
	GlobalSection(ExtensibilityGlobals) = postSolution
		SolutionGuid = {3DF8BA18-AF21-4836-882E-C6254EBDD8E6}
	EndGlobalSection
EndGlobal
