
Microsoft Visual Studio Solution File, Format Version 12.00
# Visual Studio Version 16
VisualStudioVersion = 16.0.29806.167
MinimumVisualStudioVersion = 10.0.40219.1
Project("{888888A0-9F3D-457C-B088-3A5042F75D52}") = "Tableaux", "Tableaux\Tableaux.pyproj", "{7A24CBD7-0B97-46CC-9FDC-E08750E579B2}"
EndProject
Project("{888888A0-9F3D-457C-B088-3A5042F75D52}") = "Parcours", "Parcours\Parcours.pyproj", "{C304706A-5DF2-468E-8F60-B10B26C732DD}"
EndProject
Project("{888888A0-9F3D-457C-B088-3A5042F75D52}") = "Structures", "Structures\Structures.pyproj", "{0B6464CF-EFDB-4DCC-8011-1503F2C320AF}"
EndProject
Project("{2150E333-8FDC-42A3-9474-1A3956D46DE8}") = "TPs", "TPs", "{EC9248A0-B1E6-4A8E-AAFA-C1B2B0F4682D}"
EndProject
Project("{888888A0-9F3D-457C-B088-3A5042F75D52}") = "TP1", "TP1\TP1.pyproj", "{FA3D9CFE-87F7-4BF7-B8C8-754F957A24B5}"
EndProject
Project("{888888A0-9F3D-457C-B088-3A5042F75D52}") = "TP2", "TP2\TP2.pyproj", "{57F2F1E4-526E-431A-A8B5-38D01A42FDD2}"
EndProject
Project("{888888A0-9F3D-457C-B088-3A5042F75D52}") = "TP3", "TP3\TP3.pyproj", "{59DA4016-9334-4AC2-BAC4-0CAAA26E1331}"
EndProject
Project("{888888A0-9F3D-457C-B088-3A5042F75D52}") = "TP4", "TP4\TP4.pyproj", "{99AF818E-95A4-4A55-AA89-E5526C913617}"
EndProject
Project("{888888A0-9F3D-457C-B088-3A5042F75D52}") = "TP5", "TP5\TP5.pyproj", "{E4647893-266F-4C47-9F46-18ECF7692320}"
EndProject
Project("{888888A0-9F3D-457C-B088-3A5042F75D52}") = "TP6", "TP6\TP6.pyproj", "{72651D35-76CF-46DA-B6BF-B9C722B79FED}"
EndProject
Project("{888888A0-9F3D-457C-B088-3A5042F75D52}") = "TP7", "TP7\TP7.pyproj", "{F46FBB22-B2CA-4B99-AD42-6EEAF1232CE6}"
EndProject
Project("{888888A0-9F3D-457C-B088-3A5042F75D52}") = "TP8", "TP8\TP8.pyproj", "{9A193980-9CDE-4150-8857-3691E3496C61}"
EndProject
Global
	GlobalSection(SolutionConfigurationPlatforms) = preSolution
		Debug|Any CPU = Debug|Any CPU
		Release|Any CPU = Release|Any CPU
	EndGlobalSection
	GlobalSection(ProjectConfigurationPlatforms) = postSolution
		{7A24CBD7-0B97-46CC-9FDC-E08750E579B2}.Debug|Any CPU.ActiveCfg = Debug|Any CPU
		{7A24CBD7-0B97-46CC-9FDC-E08750E579B2}.Release|Any CPU.ActiveCfg = Release|Any CPU
		{C304706A-5DF2-468E-8F60-B10B26C732DD}.Debug|Any CPU.ActiveCfg = Debug|Any CPU
		{C304706A-5DF2-468E-8F60-B10B26C732DD}.Release|Any CPU.ActiveCfg = Release|Any CPU
		{0B6464CF-EFDB-4DCC-8011-1503F2C320AF}.Debug|Any CPU.ActiveCfg = Debug|Any CPU
		{0B6464CF-EFDB-4DCC-8011-1503F2C320AF}.Release|Any CPU.ActiveCfg = Release|Any CPU
		{FA3D9CFE-87F7-4BF7-B8C8-754F957A24B5}.Debug|Any CPU.ActiveCfg = Debug|Any CPU
		{FA3D9CFE-87F7-4BF7-B8C8-754F957A24B5}.Release|Any CPU.ActiveCfg = Release|Any CPU
		{57F2F1E4-526E-431A-A8B5-38D01A42FDD2}.Debug|Any CPU.ActiveCfg = Debug|Any CPU
		{57F2F1E4-526E-431A-A8B5-38D01A42FDD2}.Release|Any CPU.ActiveCfg = Release|Any CPU
		{59DA4016-9334-4AC2-BAC4-0CAAA26E1331}.Debug|Any CPU.ActiveCfg = Debug|Any CPU
		{59DA4016-9334-4AC2-BAC4-0CAAA26E1331}.Release|Any CPU.ActiveCfg = Release|Any CPU
		{99AF818E-95A4-4A55-AA89-E5526C913617}.Debug|Any CPU.ActiveCfg = Debug|Any CPU
		{99AF818E-95A4-4A55-AA89-E5526C913617}.Release|Any CPU.ActiveCfg = Release|Any CPU
		{E4647893-266F-4C47-9F46-18ECF7692320}.Debug|Any CPU.ActiveCfg = Debug|Any CPU
		{E4647893-266F-4C47-9F46-18ECF7692320}.Release|Any CPU.ActiveCfg = Release|Any CPU
		{72651D35-76CF-46DA-B6BF-B9C722B79FED}.Debug|Any CPU.ActiveCfg = Debug|Any CPU
		{72651D35-76CF-46DA-B6BF-B9C722B79FED}.Release|Any CPU.ActiveCfg = Release|Any CPU
		{F46FBB22-B2CA-4B99-AD42-6EEAF1232CE6}.Debug|Any CPU.ActiveCfg = Debug|Any CPU
		{F46FBB22-B2CA-4B99-AD42-6EEAF1232CE6}.Release|Any CPU.ActiveCfg = Release|Any CPU
		{9A193980-9CDE-4150-8857-3691E3496C61}.Debug|Any CPU.ActiveCfg = Debug|Any CPU
		{9A193980-9CDE-4150-8857-3691E3496C61}.Release|Any CPU.ActiveCfg = Release|Any CPU
	EndGlobalSection
	GlobalSection(SolutionProperties) = preSolution
		HideSolutionNode = FALSE
	EndGlobalSection
	GlobalSection(NestedProjects) = preSolution
		{FA3D9CFE-87F7-4BF7-B8C8-754F957A24B5} = {EC9248A0-B1E6-4A8E-AAFA-C1B2B0F4682D}
		{57F2F1E4-526E-431A-A8B5-38D01A42FDD2} = {EC9248A0-B1E6-4A8E-AAFA-C1B2B0F4682D}
		{59DA4016-9334-4AC2-BAC4-0CAAA26E1331} = {EC9248A0-B1E6-4A8E-AAFA-C1B2B0F4682D}
		{99AF818E-95A4-4A55-AA89-E5526C913617} = {EC9248A0-B1E6-4A8E-AAFA-C1B2B0F4682D}
		{E4647893-266F-4C47-9F46-18ECF7692320} = {EC9248A0-B1E6-4A8E-AAFA-C1B2B0F4682D}
		{72651D35-76CF-46DA-B6BF-B9C722B79FED} = {EC9248A0-B1E6-4A8E-AAFA-C1B2B0F4682D}
		{F46FBB22-B2CA-4B99-AD42-6EEAF1232CE6} = {EC9248A0-B1E6-4A8E-AAFA-C1B2B0F4682D}
		{9A193980-9CDE-4150-8857-3691E3496C61} = {EC9248A0-B1E6-4A8E-AAFA-C1B2B0F4682D}
	EndGlobalSection
	GlobalSection(ExtensibilityGlobals) = postSolution
		SolutionGuid = {07F7DD2E-DF12-4723-B32F-8C308CCE04E2}
	EndGlobalSection
EndGlobal
