
Microsoft Visual Studio Solution File, Format Version 12.00
# Visual Studio Version 16
VisualStudioVersion = 16.0.29806.167
MinimumVisualStudioVersion = 10.0.40219.1
Project("{2150E333-8FDC-42A3-9474-1A3956D46DE8}") = "TPs", "TPs", "{AE6D8025-08E0-4623-8308-35B08CDFA89D}"
EndProject
Project("{888888A0-9F3D-457C-B088-3A5042F75D52}") = "Booleens", "Booleens\Booleens.pyproj", "{368E1390-8107-49D9-B5A6-A30017E5B7FB}"
EndProject
Project("{888888A0-9F3D-457C-B088-3A5042F75D52}") = "TP1", "TP1\TP1.pyproj", "{99045B50-DC42-43A7-8B85-6DDE405A7F16}"
EndProject
Project("{888888A0-9F3D-457C-B088-3A5042F75D52}") = "Conditions", "Conditions\Conditions.pyproj", "{38571F45-C923-4C62-A4A6-B6775119BEB5}"
EndProject
Project("{888888A0-9F3D-457C-B088-3A5042F75D52}") = "TP2", "TP2\TP2.pyproj", "{3114E46D-7A9B-441E-80FF-6B126B86CBE1}"
EndProject
Project("{888888A0-9F3D-457C-B088-3A5042F75D52}") = "TP3", "TP3\TP3.pyproj", "{0BBCCDFE-C6CB-43E1-AF2B-A071653FD187}"
EndProject
Project("{888888A0-9F3D-457C-B088-3A5042F75D52}") = "TP4", "TP4\TP4.pyproj", "{551176BD-CE3C-4FFC-9B77-5AF2E74F4E73}"
EndProject
Project("{888888A0-9F3D-457C-B088-3A5042F75D52}") = "TP5", "TP5\TP5.pyproj", "{3D4F92E1-1387-441A-9F8F-366B6E06EA7B}"
EndProject
Project("{888888A0-9F3D-457C-B088-3A5042F75D52}") = "TP6", "TP6\TP6.pyproj", "{FA5E3B4C-4F7F-4A77-B1D2-E0F564D7EBFE}"
EndProject
Project("{888888A0-9F3D-457C-B088-3A5042F75D52}") = "TP7", "TP7\TP7.pyproj", "{FA761F5B-0658-46F6-AC90-21FF17CF305E}"
EndProject
Project("{888888A0-9F3D-457C-B088-3A5042F75D52}") = "TP8", "TP8\TP8.pyproj", "{D79AD420-3892-4C29-8F88-0CA38952F86E}"
EndProject
Project("{888888A0-9F3D-457C-B088-3A5042F75D52}") = "Boucles", "Boucles\Boucles.pyproj", "{E68E99EA-32A7-4DE0-9D18-9EBA4ED93DF0}"
EndProject
Global
	GlobalSection(SolutionConfigurationPlatforms) = preSolution
		Debug|Any CPU = Debug|Any CPU
		Release|Any CPU = Release|Any CPU
	EndGlobalSection
	GlobalSection(ProjectConfigurationPlatforms) = postSolution
		{368E1390-8107-49D9-B5A6-A30017E5B7FB}.Debug|Any CPU.ActiveCfg = Debug|Any CPU
		{368E1390-8107-49D9-B5A6-A30017E5B7FB}.Release|Any CPU.ActiveCfg = Release|Any CPU
		{99045B50-DC42-43A7-8B85-6DDE405A7F16}.Debug|Any CPU.ActiveCfg = Debug|Any CPU
		{99045B50-DC42-43A7-8B85-6DDE405A7F16}.Release|Any CPU.ActiveCfg = Release|Any CPU
		{38571F45-C923-4C62-A4A6-B6775119BEB5}.Debug|Any CPU.ActiveCfg = Debug|Any CPU
		{38571F45-C923-4C62-A4A6-B6775119BEB5}.Release|Any CPU.ActiveCfg = Release|Any CPU
		{3114E46D-7A9B-441E-80FF-6B126B86CBE1}.Debug|Any CPU.ActiveCfg = Debug|Any CPU
		{3114E46D-7A9B-441E-80FF-6B126B86CBE1}.Release|Any CPU.ActiveCfg = Release|Any CPU
		{0BBCCDFE-C6CB-43E1-AF2B-A071653FD187}.Debug|Any CPU.ActiveCfg = Debug|Any CPU
		{0BBCCDFE-C6CB-43E1-AF2B-A071653FD187}.Release|Any CPU.ActiveCfg = Release|Any CPU
		{551176BD-CE3C-4FFC-9B77-5AF2E74F4E73}.Debug|Any CPU.ActiveCfg = Debug|Any CPU
		{551176BD-CE3C-4FFC-9B77-5AF2E74F4E73}.Release|Any CPU.ActiveCfg = Release|Any CPU
		{3D4F92E1-1387-441A-9F8F-366B6E06EA7B}.Debug|Any CPU.ActiveCfg = Debug|Any CPU
		{3D4F92E1-1387-441A-9F8F-366B6E06EA7B}.Release|Any CPU.ActiveCfg = Release|Any CPU
		{FA5E3B4C-4F7F-4A77-B1D2-E0F564D7EBFE}.Debug|Any CPU.ActiveCfg = Debug|Any CPU
		{FA5E3B4C-4F7F-4A77-B1D2-E0F564D7EBFE}.Release|Any CPU.ActiveCfg = Release|Any CPU
		{FA761F5B-0658-46F6-AC90-21FF17CF305E}.Debug|Any CPU.ActiveCfg = Debug|Any CPU
		{FA761F5B-0658-46F6-AC90-21FF17CF305E}.Release|Any CPU.ActiveCfg = Release|Any CPU
		{D79AD420-3892-4C29-8F88-0CA38952F86E}.Debug|Any CPU.ActiveCfg = Debug|Any CPU
		{D79AD420-3892-4C29-8F88-0CA38952F86E}.Release|Any CPU.ActiveCfg = Release|Any CPU
		{E68E99EA-32A7-4DE0-9D18-9EBA4ED93DF0}.Debug|Any CPU.ActiveCfg = Debug|Any CPU
		{E68E99EA-32A7-4DE0-9D18-9EBA4ED93DF0}.Release|Any CPU.ActiveCfg = Release|Any CPU
	EndGlobalSection
	GlobalSection(SolutionProperties) = preSolution
		HideSolutionNode = FALSE
	EndGlobalSection
	GlobalSection(NestedProjects) = preSolution
		{99045B50-DC42-43A7-8B85-6DDE405A7F16} = {AE6D8025-08E0-4623-8308-35B08CDFA89D}
		{3114E46D-7A9B-441E-80FF-6B126B86CBE1} = {AE6D8025-08E0-4623-8308-35B08CDFA89D}
		{0BBCCDFE-C6CB-43E1-AF2B-A071653FD187} = {AE6D8025-08E0-4623-8308-35B08CDFA89D}
		{551176BD-CE3C-4FFC-9B77-5AF2E74F4E73} = {AE6D8025-08E0-4623-8308-35B08CDFA89D}
		{3D4F92E1-1387-441A-9F8F-366B6E06EA7B} = {AE6D8025-08E0-4623-8308-35B08CDFA89D}
		{FA5E3B4C-4F7F-4A77-B1D2-E0F564D7EBFE} = {AE6D8025-08E0-4623-8308-35B08CDFA89D}
		{FA761F5B-0658-46F6-AC90-21FF17CF305E} = {AE6D8025-08E0-4623-8308-35B08CDFA89D}
		{D79AD420-3892-4C29-8F88-0CA38952F86E} = {AE6D8025-08E0-4623-8308-35B08CDFA89D}
	EndGlobalSection
	GlobalSection(ExtensibilityGlobals) = postSolution
		SolutionGuid = {3DF8BA18-AF21-4836-882E-C6254EBDD8E6}
	EndGlobalSection
EndGlobal
